// !$*UTF8*$!
{
	archiveVersion = 1;
	classes = {
	};
	objectVersion = 56;
	objects = {

/* Begin PBXBuildFile section */
		19BC6D3F2A581186005773FA /* AppDelegate.swift in Sources */ = {isa = PBXBuildFile; fileRef = 19BC6D3E2A581186005773FA /* AppDelegate.swift */; };
		19BC6D412A581186005773FA /* SceneDelegate.swift in Sources */ = {isa = PBXBuildFile; fileRef = 19BC6D402A581186005773FA /* SceneDelegate.swift */; };
		19BC6D432A581186005773FA /* HomeViewController.swift in Sources */ = {isa = PBXBuildFile; fileRef = 19BC6D422A581186005773FA /* HomeViewController.swift */; };
		19BC6D462A581186005773FA /* Main.storyboard in Resources */ = {isa = PBXBuildFile; fileRef = 19BC6D442A581186005773FA /* Main.storyboard */; };
		19BC6D482A581187005773FA /* Assets.xcassets in Resources */ = {isa = PBXBuildFile; fileRef = 19BC6D472A581187005773FA /* Assets.xcassets */; };
		19BC6D4B2A581187005773FA /* LaunchScreen.storyboard in Resources */ = {isa = PBXBuildFile; fileRef = 19BC6D492A581187005773FA /* LaunchScreen.storyboard */; };
		19BC6D562A581187005773FA /* OpenInAppTests.swift in Sources */ = {isa = PBXBuildFile; fileRef = 19BC6D552A581187005773FA /* OpenInAppTests.swift */; };
		19BC6D602A581187005773FA /* OpenInAppUITests.swift in Sources */ = {isa = PBXBuildFile; fileRef = 19BC6D5F2A581187005773FA /* OpenInAppUITests.swift */; };
		19BC6D622A581187005773FA /* OpenInAppUITestsLaunchTests.swift in Sources */ = {isa = PBXBuildFile; fileRef = 19BC6D612A581187005773FA /* OpenInAppUITestsLaunchTests.swift */; };
		19BC6D722A581AED005773FA /* ChartTableViewCell.swift in Sources */ = {isa = PBXBuildFile; fileRef = 19BC6D702A581AED005773FA /* ChartTableViewCell.swift */; };
		19BC6D732A581AED005773FA /* ChartTableViewCell.xib in Resources */ = {isa = PBXBuildFile; fileRef = 19BC6D712A581AED005773FA /* ChartTableViewCell.xib */; };
		19BC6D772A581E02005773FA /* DashBoardModel.swift in Sources */ = {isa = PBXBuildFile; fileRef = 19BC6D762A581E02005773FA /* DashBoardModel.swift */; };
		19BC6D7A2A58272B005773FA /* DashBoardViewModel.swift in Sources */ = {isa = PBXBuildFile; fileRef = 19BC6D792A58272B005773FA /* DashBoardViewModel.swift */; };
		19BC6D802A582F3F005773FA /* ChartResultCollectionViewCell.swift in Sources */ = {isa = PBXBuildFile; fileRef = 19BC6D7E2A582F3F005773FA /* ChartResultCollectionViewCell.swift */; };
		19BC6D812A582F3F005773FA /* ChartResultCollectionViewCell.xib in Resources */ = {isa = PBXBuildFile; fileRef = 19BC6D7F2A582F3F005773FA /* ChartResultCollectionViewCell.xib */; };
		19BC6D842A583171005773FA /* ChartResultCollectionTableViewCell.swift in Sources */ = {isa = PBXBuildFile; fileRef = 19BC6D822A583171005773FA /* ChartResultCollectionTableViewCell.swift */; };
		19BC6D852A583171005773FA /* ChartResultCollectionTableViewCell.xib in Resources */ = {isa = PBXBuildFile; fileRef = 19BC6D832A583171005773FA /* ChartResultCollectionTableViewCell.xib */; };
		19BC6D882A589AE3005773FA /* SampleLinkTableViewCell.swift in Sources */ = {isa = PBXBuildFile; fileRef = 19BC6D862A589AE3005773FA /* SampleLinkTableViewCell.swift */; };
		19BC6D892A589AE3005773FA /* SampleLinkTableViewCell.xib in Resources */ = {isa = PBXBuildFile; fileRef = 19BC6D872A589AE3005773FA /* SampleLinkTableViewCell.xib */; };
		19BC6D8B2A589F39005773FA /* SampleLinkHeaderFooterView.swift in Sources */ = {isa = PBXBuildFile; fileRef = 19BC6D8A2A589F39005773FA /* SampleLinkHeaderFooterView.swift */; };
		19BC6D8D2A589F55005773FA /* SampleLinkHeaderFooterView.xib in Resources */ = {isa = PBXBuildFile; fileRef = 19BC6D8C2A589F55005773FA /* SampleLinkHeaderFooterView.xib */; };
		19BC6D902A593503005773FA /* SampleLinkViewTableViewCell.swift in Sources */ = {isa = PBXBuildFile; fileRef = 19BC6D8E2A593503005773FA /* SampleLinkViewTableViewCell.swift */; };
		19BC6D912A593503005773FA /* SampleLinkViewTableViewCell.xib in Resources */ = {isa = PBXBuildFile; fileRef = 19BC6D8F2A593503005773FA /* SampleLinkViewTableViewCell.xib */; };
		19BC6D942A596397005773FA /* ButtonTableViewCell.swift in Sources */ = {isa = PBXBuildFile; fileRef = 19BC6D922A596397005773FA /* ButtonTableViewCell.swift */; };
		19BC6D952A596397005773FA /* ButtonTableViewCell.xib in Resources */ = {isa = PBXBuildFile; fileRef = 19BC6D932A596397005773FA /* ButtonTableViewCell.xib */; };
		19BC6D982A596521005773FA /* SupportTableViewCell.swift in Sources */ = {isa = PBXBuildFile; fileRef = 19BC6D962A596521005773FA /* SupportTableViewCell.swift */; };
		19BC6D992A596521005773FA /* SupportTableViewCell.xib in Resources */ = {isa = PBXBuildFile; fileRef = 19BC6D972A596521005773FA /* SupportTableViewCell.xib */; };
/* End PBXBuildFile section */

/* Begin PBXContainerItemProxy section */
		19BC6D522A581187005773FA /* PBXContainerItemProxy */ = {
			isa = PBXContainerItemProxy;
			containerPortal = 19BC6D332A581186005773FA /* Project object */;
			proxyType = 1;
			remoteGlobalIDString = 19BC6D3A2A581186005773FA;
			remoteInfo = OpenInApp;
		};
		19BC6D5C2A581187005773FA /* PBXContainerItemProxy */ = {
			isa = PBXContainerItemProxy;
			containerPortal = 19BC6D332A581186005773FA /* Project object */;
			proxyType = 1;
			remoteGlobalIDString = 19BC6D3A2A581186005773FA;
			remoteInfo = OpenInApp;
		};
/* End PBXContainerItemProxy section */

/* Begin PBXFileReference section */
		19BC6D3B2A581186005773FA /* OpenInApp.app */ = {isa = PBXFileReference; explicitFileType = wrapper.application; includeInIndex = 0; path = OpenInApp.app; sourceTree = BUILT_PRODUCTS_DIR; };
		19BC6D3E2A581186005773FA /* AppDelegate.swift */ = {isa = PBXFileReference; lastKnownFileType = sourcecode.swift; path = AppDelegate.swift; sourceTree = "<group>"; };
		19BC6D402A581186005773FA /* SceneDelegate.swift */ = {isa = PBXFileReference; lastKnownFileType = sourcecode.swift; path = SceneDelegate.swift; sourceTree = "<group>"; };
		19BC6D422A581186005773FA /* HomeViewController.swift */ = {isa = PBXFileReference; lastKnownFileType = sourcecode.swift; path = HomeViewController.swift; sourceTree = "<group>"; };
		19BC6D452A581186005773FA /* Base */ = {isa = PBXFileReference; lastKnownFileType = file.storyboard; name = Base; path = Base.lproj/Main.storyboard; sourceTree = "<group>"; };
		19BC6D472A581187005773FA /* Assets.xcassets */ = {isa = PBXFileReference; lastKnownFileType = folder.assetcatalog; path = Assets.xcassets; sourceTree = "<group>"; };
		19BC6D4A2A581187005773FA /* Base */ = {isa = PBXFileReference; lastKnownFileType = file.storyboard; name = Base; path = Base.lproj/LaunchScreen.storyboard; sourceTree = "<group>"; };
		19BC6D4C2A581187005773FA /* Info.plist */ = {isa = PBXFileReference; lastKnownFileType = text.plist.xml; path = Info.plist; sourceTree = "<group>"; };
		19BC6D512A581187005773FA /* OpenInAppTests.xctest */ = {isa = PBXFileReference; explicitFileType = wrapper.cfbundle; includeInIndex = 0; path = OpenInAppTests.xctest; sourceTree = BUILT_PRODUCTS_DIR; };
		19BC6D552A581187005773FA /* OpenInAppTests.swift */ = {isa = PBXFileReference; lastKnownFileType = sourcecode.swift; path = OpenInAppTests.swift; sourceTree = "<group>"; };
		19BC6D5B2A581187005773FA /* OpenInAppUITests.xctest */ = {isa = PBXFileReference; explicitFileType = wrapper.cfbundle; includeInIndex = 0; path = OpenInAppUITests.xctest; sourceTree = BUILT_PRODUCTS_DIR; };
		19BC6D5F2A581187005773FA /* OpenInAppUITests.swift */ = {isa = PBXFileReference; lastKnownFileType = sourcecode.swift; path = OpenInAppUITests.swift; sourceTree = "<group>"; };
		19BC6D612A581187005773FA /* OpenInAppUITestsLaunchTests.swift */ = {isa = PBXFileReference; lastKnownFileType = sourcecode.swift; path = OpenInAppUITestsLaunchTests.swift; sourceTree = "<group>"; };
		19BC6D702A581AED005773FA /* ChartTableViewCell.swift */ = {isa = PBXFileReference; lastKnownFileType = sourcecode.swift; path = ChartTableViewCell.swift; sourceTree = "<group>"; };
		19BC6D712A581AED005773FA /* ChartTableViewCell.xib */ = {isa = PBXFileReference; lastKnownFileType = file.xib; path = ChartTableViewCell.xib; sourceTree = "<group>"; };
		19BC6D762A581E02005773FA /* DashBoardModel.swift */ = {isa = PBXFileReference; lastKnownFileType = sourcecode.swift; path = DashBoardModel.swift; sourceTree = "<group>"; };
		19BC6D792A58272B005773FA /* DashBoardViewModel.swift */ = {isa = PBXFileReference; lastKnownFileType = sourcecode.swift; path = DashBoardViewModel.swift; sourceTree = "<group>"; };
		19BC6D7E2A582F3F005773FA /* ChartResultCollectionViewCell.swift */ = {isa = PBXFileReference; lastKnownFileType = sourcecode.swift; path = ChartResultCollectionViewCell.swift; sourceTree = "<group>"; };
		19BC6D7F2A582F3F005773FA /* ChartResultCollectionViewCell.xib */ = {isa = PBXFileReference; lastKnownFileType = file.xib; path = ChartResultCollectionViewCell.xib; sourceTree = "<group>"; };
		19BC6D822A583171005773FA /* ChartResultCollectionTableViewCell.swift */ = {isa = PBXFileReference; lastKnownFileType = sourcecode.swift; path = ChartResultCollectionTableViewCell.swift; sourceTree = "<group>"; };
		19BC6D832A583171005773FA /* ChartResultCollectionTableViewCell.xib */ = {isa = PBXFileReference; lastKnownFileType = file.xib; path = ChartResultCollectionTableViewCell.xib; sourceTree = "<group>"; };
		19BC6D862A589AE3005773FA /* SampleLinkTableViewCell.swift */ = {isa = PBXFileReference; lastKnownFileType = sourcecode.swift; path = SampleLinkTableViewCell.swift; sourceTree = "<group>"; };
		19BC6D872A589AE3005773FA /* SampleLinkTableViewCell.xib */ = {isa = PBXFileReference; lastKnownFileType = file.xib; path = SampleLinkTableViewCell.xib; sourceTree = "<group>"; };
		19BC6D8A2A589F39005773FA /* SampleLinkHeaderFooterView.swift */ = {isa = PBXFileReference; lastKnownFileType = sourcecode.swift; path = SampleLinkHeaderFooterView.swift; sourceTree = "<group>"; };
		19BC6D8C2A589F55005773FA /* SampleLinkHeaderFooterView.xib */ = {isa = PBXFileReference; lastKnownFileType = file.xib; path = SampleLinkHeaderFooterView.xib; sourceTree = "<group>"; };
		19BC6D8E2A593503005773FA /* SampleLinkViewTableViewCell.swift */ = {isa = PBXFileReference; lastKnownFileType = sourcecode.swift; path = SampleLinkViewTableViewCell.swift; sourceTree = "<group>"; };
		19BC6D8F2A593503005773FA /* SampleLinkViewTableViewCell.xib */ = {isa = PBXFileReference; lastKnownFileType = file.xib; path = SampleLinkViewTableViewCell.xib; sourceTree = "<group>"; };
		19BC6D922A596397005773FA /* ButtonTableViewCell.swift */ = {isa = PBXFileReference; lastKnownFileType = sourcecode.swift; path = ButtonTableViewCell.swift; sourceTree = "<group>"; };
		19BC6D932A596397005773FA /* ButtonTableViewCell.xib */ = {isa = PBXFileReference; lastKnownFileType = file.xib; path = ButtonTableViewCell.xib; sourceTree = "<group>"; };
		19BC6D962A596521005773FA /* SupportTableViewCell.swift */ = {isa = PBXFileReference; lastKnownFileType = sourcecode.swift; path = SupportTableViewCell.swift; sourceTree = "<group>"; };
		19BC6D972A596521005773FA /* SupportTableViewCell.xib */ = {isa = PBXFileReference; lastKnownFileType = file.xib; path = SupportTableViewCell.xib; sourceTree = "<group>"; };
/* End PBXFileReference section */

/* Begin PBXFrameworksBuildPhase section */
		19BC6D382A581186005773FA /* Frameworks */ = {
			isa = PBXFrameworksBuildPhase;
			buildActionMask = 2147483647;
			files = (
			);
			runOnlyForDeploymentPostprocessing = 0;
		};
		19BC6D4E2A581187005773FA /* Frameworks */ = {
			isa = PBXFrameworksBuildPhase;
			buildActionMask = 2147483647;
			files = (
			);
			runOnlyForDeploymentPostprocessing = 0;
		};
		19BC6D582A581187005773FA /* Frameworks */ = {
			isa = PBXFrameworksBuildPhase;
			buildActionMask = 2147483647;
			files = (
			);
			runOnlyForDeploymentPostprocessing = 0;
		};
/* End PBXFrameworksBuildPhase section */

/* Begin PBXGroup section */
		19BC6D322A581186005773FA = {
			isa = PBXGroup;
			children = (
				19BC6D3D2A581186005773FA /* OpenInApp */,
				19BC6D542A581187005773FA /* OpenInAppTests */,
				19BC6D5E2A581187005773FA /* OpenInAppUITests */,
				19BC6D3C2A581186005773FA /* Products */,
			);
			sourceTree = "<group>";
		};
		19BC6D3C2A581186005773FA /* Products */ = {
			isa = PBXGroup;
			children = (
				19BC6D3B2A581186005773FA /* OpenInApp.app */,
				19BC6D512A581187005773FA /* OpenInAppTests.xctest */,
				19BC6D5B2A581187005773FA /* OpenInAppUITests.xctest */,
			);
			name = Products;
			sourceTree = "<group>";
		};
		19BC6D3D2A581186005773FA /* OpenInApp */ = {
			isa = PBXGroup;
			children = (
				19BC6D3E2A581186005773FA /* AppDelegate.swift */,
				19BC6D402A581186005773FA /* SceneDelegate.swift */,
				19BC6D422A581186005773FA /* HomeViewController.swift */,
				19BC6D442A581186005773FA /* Main.storyboard */,
				19BC6D6E2A581AA8005773FA /* Home */,
				19BC6D472A581187005773FA /* Assets.xcassets */,
				19BC6D492A581187005773FA /* LaunchScreen.storyboard */,
				19BC6D4C2A581187005773FA /* Info.plist */,
			);
			path = OpenInApp;
			sourceTree = "<group>";
		};
		19BC6D542A581187005773FA /* OpenInAppTests */ = {
			isa = PBXGroup;
			children = (
				19BC6D552A581187005773FA /* OpenInAppTests.swift */,
			);
			path = OpenInAppTests;
			sourceTree = "<group>";
		};
		19BC6D5E2A581187005773FA /* OpenInAppUITests */ = {
			isa = PBXGroup;
			children = (
				19BC6D5F2A581187005773FA /* OpenInAppUITests.swift */,
				19BC6D612A581187005773FA /* OpenInAppUITestsLaunchTests.swift */,
			);
			path = OpenInAppUITests;
			sourceTree = "<group>";
		};
		19BC6D6E2A581AA8005773FA /* Home */ = {
			isa = PBXGroup;
			children = (
				19BC6D782A582718005773FA /* ViewModel */,
				19BC6D752A581DDB005773FA /* Model */,
				19BC6D742A581DB8005773FA /* View */,
				19BC6D6F2A581ABB005773FA /* Cells */,
			);
			path = Home;
			sourceTree = "<group>";
		};
		19BC6D6F2A581ABB005773FA /* Cells */ = {
			isa = PBXGroup;
			children = (
				19BC6D7B2A582EEA005773FA /* CollectionViewCells */,
				19BC6D922A596397005773FA /* ButtonTableViewCell.swift */,
				19BC6D932A596397005773FA /* ButtonTableViewCell.xib */,
				19BC6D702A581AED005773FA /* ChartTableViewCell.swift */,
				19BC6D712A581AED005773FA /* ChartTableViewCell.xib */,
				19BC6D822A583171005773FA /* ChartResultCollectionTableViewCell.swift */,
				19BC6D832A583171005773FA /* ChartResultCollectionTableViewCell.xib */,
				19BC6D862A589AE3005773FA /* SampleLinkTableViewCell.swift */,
				19BC6D872A589AE3005773FA /* SampleLinkTableViewCell.xib */,
				19BC6D8A2A589F39005773FA /* SampleLinkHeaderFooterView.swift */,
				19BC6D8C2A589F55005773FA /* SampleLinkHeaderFooterView.xib */,
				19BC6D8E2A593503005773FA /* SampleLinkViewTableViewCell.swift */,
				19BC6D8F2A593503005773FA /* SampleLinkViewTableViewCell.xib */,
				19BC6D962A596521005773FA /* SupportTableViewCell.swift */,
				19BC6D972A596521005773FA /* SupportTableViewCell.xib */,
			);
			path = Cells;
			sourceTree = "<group>";
		};
		19BC6D742A581DB8005773FA /* View */ = {
			isa = PBXGroup;
			children = (
			);
			path = View;
			sourceTree = "<group>";
		};
		19BC6D752A581DDB005773FA /* Model */ = {
			isa = PBXGroup;
			children = (
				19BC6D762A581E02005773FA /* DashBoardModel.swift */,
			);
			path = Model;
			sourceTree = "<group>";
		};
		19BC6D782A582718005773FA /* ViewModel */ = {
			isa = PBXGroup;
			children = (
				19BC6D792A58272B005773FA /* DashBoardViewModel.swift */,
			);
			path = ViewModel;
			sourceTree = "<group>";
		};
		19BC6D7B2A582EEA005773FA /* CollectionViewCells */ = {
			isa = PBXGroup;
			children = (
				19BC6D7E2A582F3F005773FA /* ChartResultCollectionViewCell.swift */,
				19BC6D7F2A582F3F005773FA /* ChartResultCollectionViewCell.xib */,
			);
			path = CollectionViewCells;
			sourceTree = "<group>";
		};
/* End PBXGroup section */

/* Begin PBXNativeTarget section */
		19BC6D3A2A581186005773FA /* OpenInApp */ = {
			isa = PBXNativeTarget;
			buildConfigurationList = 19BC6D652A581187005773FA /* Build configuration list for PBXNativeTarget "OpenInApp" */;
			buildPhases = (
				19BC6D372A581186005773FA /* Sources */,
				19BC6D382A581186005773FA /* Frameworks */,
				19BC6D392A581186005773FA /* Resources */,
			);
			buildRules = (
			);
			dependencies = (
			);
			name = OpenInApp;
			productName = OpenInApp;
			productReference = 19BC6D3B2A581186005773FA /* OpenInApp.app */;
			productType = "com.apple.product-type.application";
		};
		19BC6D502A581187005773FA /* OpenInAppTests */ = {
			isa = PBXNativeTarget;
			buildConfigurationList = 19BC6D682A581187005773FA /* Build configuration list for PBXNativeTarget "OpenInAppTests" */;
			buildPhases = (
				19BC6D4D2A581187005773FA /* Sources */,
				19BC6D4E2A581187005773FA /* Frameworks */,
				19BC6D4F2A581187005773FA /* Resources */,
			);
			buildRules = (
			);
			dependencies = (
				19BC6D532A581187005773FA /* PBXTargetDependency */,
			);
			name = OpenInAppTests;
			productName = OpenInAppTests;
			productReference = 19BC6D512A581187005773FA /* OpenInAppTests.xctest */;
			productType = "com.apple.product-type.bundle.unit-test";
		};
		19BC6D5A2A581187005773FA /* OpenInAppUITests */ = {
			isa = PBXNativeTarget;
			buildConfigurationList = 19BC6D6B2A581187005773FA /* Build configuration list for PBXNativeTarget "OpenInAppUITests" */;
			buildPhases = (
				19BC6D572A581187005773FA /* Sources */,
				19BC6D582A581187005773FA /* Frameworks */,
				19BC6D592A581187005773FA /* Resources */,
			);
			buildRules = (
			);
			dependencies = (
				19BC6D5D2A581187005773FA /* PBXTargetDependency */,
			);
			name = OpenInAppUITests;
			productName = OpenInAppUITests;
			productReference = 19BC6D5B2A581187005773FA /* OpenInAppUITests.xctest */;
			productType = "com.apple.product-type.bundle.ui-testing";
		};
/* End PBXNativeTarget section */

/* Begin PBXProject section */
		19BC6D332A581186005773FA /* Project object */ = {
			isa = PBXProject;
			attributes = {
				BuildIndependentTargetsInParallel = 1;
				LastSwiftUpdateCheck = 1430;
				LastUpgradeCheck = 1430;
				TargetAttributes = {
					19BC6D3A2A581186005773FA = {
						CreatedOnToolsVersion = 14.3.1;
					};
					19BC6D502A581187005773FA = {
						CreatedOnToolsVersion = 14.3.1;
						TestTargetID = 19BC6D3A2A581186005773FA;
					};
					19BC6D5A2A581187005773FA = {
						CreatedOnToolsVersion = 14.3.1;
						TestTargetID = 19BC6D3A2A581186005773FA;
					};
				};
			};
			buildConfigurationList = 19BC6D362A581186005773FA /* Build configuration list for PBXProject "OpenInApp" */;
			compatibilityVersion = "Xcode 14.0";
			developmentRegion = en;
			hasScannedForEncodings = 0;
			knownRegions = (
				en,
				Base,
			);
			mainGroup = 19BC6D322A581186005773FA;
			productRefGroup = 19BC6D3C2A581186005773FA /* Products */;
			projectDirPath = "";
			projectRoot = "";
			targets = (
				19BC6D3A2A581186005773FA /* OpenInApp */,
				19BC6D502A581187005773FA /* OpenInAppTests */,
				19BC6D5A2A581187005773FA /* OpenInAppUITests */,
			);
		};
/* End PBXProject section */

/* Begin PBXResourcesBuildPhase section */
		19BC6D392A581186005773FA /* Resources */ = {
			isa = PBXResourcesBuildPhase;
			buildActionMask = 2147483647;
			files = (
				19BC6D912A593503005773FA /* SampleLinkViewTableViewCell.xib in Resources */,
				19BC6D732A581AED005773FA /* ChartTableViewCell.xib in Resources */,
				19BC6D812A582F3F005773FA /* ChartResultCollectionViewCell.xib in Resources */,
				19BC6D8D2A589F55005773FA /* SampleLinkHeaderFooterView.xib in Resources */,
				19BC6D4B2A581187005773FA /* LaunchScreen.storyboard in Resources */,
				19BC6D482A581187005773FA /* Assets.xcassets in Resources */,
				19BC6D892A589AE3005773FA /* SampleLinkTableViewCell.xib in Resources */,
				19BC6D952A596397005773FA /* ButtonTableViewCell.xib in Resources */,
				19BC6D852A583171005773FA /* ChartResultCollectionTableViewCell.xib in Resources */,
				19BC6D462A581186005773FA /* Main.storyboard in Resources */,
				19BC6D992A596521005773FA /* SupportTableViewCell.xib in Resources */,
			);
			runOnlyForDeploymentPostprocessing = 0;
		};
		19BC6D4F2A581187005773FA /* Resources */ = {
			isa = PBXResourcesBuildPhase;
			buildActionMask = 2147483647;
			files = (
			);
			runOnlyForDeploymentPostprocessing = 0;
		};
		19BC6D592A581187005773FA /* Resources */ = {
			isa = PBXResourcesBuildPhase;
			buildActionMask = 2147483647;
			files = (
			);
			runOnlyForDeploymentPostprocessing = 0;
		};
/* End PBXResourcesBuildPhase section */

/* Begin PBXSourcesBuildPhase section */
		19BC6D372A581186005773FA /* Sources */ = {
			isa = PBXSourcesBuildPhase;
			buildActionMask = 2147483647;
			files = (
				19BC6D842A583171005773FA /* ChartResultCollectionTableViewCell.swift in Sources */,
				19BC6D882A589AE3005773FA /* SampleLinkTableViewCell.swift in Sources */,
				19BC6D902A593503005773FA /* SampleLinkViewTableViewCell.swift in Sources */,
				19BC6D942A596397005773FA /* ButtonTableViewCell.swift in Sources */,
				19BC6D722A581AED005773FA /* ChartTableViewCell.swift in Sources */,
				19BC6D7A2A58272B005773FA /* DashBoardViewModel.swift in Sources */,
				19BC6D8B2A589F39005773FA /* SampleLinkHeaderFooterView.swift in Sources */,
				19BC6D432A581186005773FA /* HomeViewController.swift in Sources */,
				19BC6D3F2A581186005773FA /* AppDelegate.swift in Sources */,
				19BC6D982A596521005773FA /* SupportTableViewCell.swift in Sources */,
				19BC6D412A581186005773FA /* SceneDelegate.swift in Sources */,
				19BC6D772A581E02005773FA /* DashBoardModel.swift in Sources */,
				19BC6D802A582F3F005773FA /* ChartResultCollectionViewCell.swift in Sources */,
			);
			runOnlyForDeploymentPostprocessing = 0;
		};
		19BC6D4D2A581187005773FA /* Sources */ = {
			isa = PBXSourcesBuildPhase;
			buildActionMask = 2147483647;
			files = (
				19BC6D562A581187005773FA /* OpenInAppTests.swift in Sources */,
			);
			runOnlyForDeploymentPostprocessing = 0;
		};
		19BC6D572A581187005773FA /* Sources */ = {
			isa = PBXSourcesBuildPhase;
			buildActionMask = 2147483647;
			files = (
				19BC6D602A581187005773FA /* OpenInAppUITests.swift in Sources */,
				19BC6D622A581187005773FA /* OpenInAppUITestsLaunchTests.swift in Sources */,
			);
			runOnlyForDeploymentPostprocessing = 0;
		};
/* End PBXSourcesBuildPhase section */

/* Begin PBXTargetDependency section */
		19BC6D532A581187005773FA /* PBXTargetDependency */ = {
			isa = PBXTargetDependency;
			target = 19BC6D3A2A581186005773FA /* OpenInApp */;
			targetProxy = 19BC6D522A581187005773FA /* PBXContainerItemProxy */;
		};
		19BC6D5D2A581187005773FA /* PBXTargetDependency */ = {
			isa = PBXTargetDependency;
			target = 19BC6D3A2A581186005773FA /* OpenInApp */;
			targetProxy = 19BC6D5C2A581187005773FA /* PBXContainerItemProxy */;
		};
/* End PBXTargetDependency section */

/* Begin PBXVariantGroup section */
		19BC6D442A581186005773FA /* Main.storyboard */ = {
			isa = PBXVariantGroup;
			children = (
				19BC6D452A581186005773FA /* Base */,
			);
			name = Main.storyboard;
			sourceTree = "<group>";
		};
		19BC6D492A581187005773FA /* LaunchScreen.storyboard */ = {
			isa = PBXVariantGroup;
			children = (
				19BC6D4A2A581187005773FA /* Base */,
			);
			name = LaunchScreen.storyboard;
			sourceTree = "<group>";
		};
/* End PBXVariantGroup section */

/* Begin XCBuildConfiguration section */
		19BC6D632A581187005773FA /* Debug */ = {
			isa = XCBuildConfiguration;
			buildSettings = {
				ALWAYS_SEARCH_USER_PATHS = NO;
				CLANG_ANALYZER_NONNULL = YES;
				CLANG_ANALYZER_NUMBER_OBJECT_CONVERSION = YES_AGGRESSIVE;
				CLANG_CXX_LANGUAGE_STANDARD = "gnu++20";
				CLANG_ENABLE_MODULES = YES;
				CLANG_ENABLE_OBJC_ARC = YES;
				CLANG_ENABLE_OBJC_WEAK = YES;
				CLANG_WARN_BLOCK_CAPTURE_AUTORELEASING = YES;
				CLANG_WARN_BOOL_CONVERSION = YES;
				CLANG_WARN_COMMA = YES;
				CLANG_WARN_CONSTANT_CONVERSION = YES;
				CLANG_WARN_DEPRECATED_OBJC_IMPLEMENTATIONS = YES;
				CLANG_WARN_DIRECT_OBJC_ISA_USAGE = YES_ERROR;
				CLANG_WARN_DOCUMENTATION_COMMENTS = YES;
				CLANG_WARN_EMPTY_BODY = YES;
				CLANG_WARN_ENUM_CONVERSION = YES;
				CLANG_WARN_INFINITE_RECURSION = YES;
				CLANG_WARN_INT_CONVERSION = YES;
				CLANG_WARN_NON_LITERAL_NULL_CONVERSION = YES;
				CLANG_WARN_OBJC_IMPLICIT_RETAIN_SELF = YES;
				CLANG_WARN_OBJC_LITERAL_CONVERSION = YES;
				CLANG_WARN_OBJC_ROOT_CLASS = YES_ERROR;
				CLANG_WARN_QUOTED_INCLUDE_IN_FRAMEWORK_HEADER = YES;
				CLANG_WARN_RANGE_LOOP_ANALYSIS = YES;
				CLANG_WARN_STRICT_PROTOTYPES = YES;
				CLANG_WARN_SUSPICIOUS_MOVE = YES;
				CLANG_WARN_UNGUARDED_AVAILABILITY = YES_AGGRESSIVE;
				CLANG_WARN_UNREACHABLE_CODE = YES;
				CLANG_WARN__DUPLICATE_METHOD_MATCH = YES;
				COPY_PHASE_STRIP = NO;
				DEBUG_INFORMATION_FORMAT = dwarf;
				ENABLE_STRICT_OBJC_MSGSEND = YES;
				ENABLE_TESTABILITY = YES;
				GCC_C_LANGUAGE_STANDARD = gnu11;
				GCC_DYNAMIC_NO_PIC = NO;
				GCC_NO_COMMON_BLOCKS = YES;
				GCC_OPTIMIZATION_LEVEL = 0;
				GCC_PREPROCESSOR_DEFINITIONS = (
					"DEBUG=1",
					"$(inherited)",
				);
				GCC_WARN_64_TO_32_BIT_CONVERSION = YES;
				GCC_WARN_ABOUT_RETURN_TYPE = YES_ERROR;
				GCC_WARN_UNDECLARED_SELECTOR = YES;
				GCC_WARN_UNINITIALIZED_AUTOS = YES_AGGRESSIVE;
				GCC_WARN_UNUSED_FUNCTION = YES;
				GCC_WARN_UNUSED_VARIABLE = YES;
				IPHONEOS_DEPLOYMENT_TARGET = 16.4;
				MTL_ENABLE_DEBUG_INFO = INCLUDE_SOURCE;
				MTL_FAST_MATH = YES;
				ONLY_ACTIVE_ARCH = YES;
				SDKROOT = iphoneos;
				SWIFT_ACTIVE_COMPILATION_CONDITIONS = DEBUG;
				SWIFT_OPTIMIZATION_LEVEL = "-Onone";
			};
			name = Debug;
		};
		19BC6D642A581187005773FA /* Release */ = {
			isa = XCBuildConfiguration;
			buildSettings = {
				ALWAYS_SEARCH_USER_PATHS = NO;
				CLANG_ANALYZER_NONNULL = YES;
				CLANG_ANALYZER_NUMBER_OBJECT_CONVERSION = YES_AGGRESSIVE;
				CLANG_CXX_LANGUAGE_STANDARD = "gnu++20";
				CLANG_ENABLE_MODULES = YES;
				CLANG_ENABLE_OBJC_ARC = YES;
				CLANG_ENABLE_OBJC_WEAK = YES;
				CLANG_WARN_BLOCK_CAPTURE_AUTORELEASING = YES;
				CLANG_WARN_BOOL_CONVERSION = YES;
				CLANG_WARN_COMMA = YES;
				CLANG_WARN_CONSTANT_CONVERSION = YES;
				CLANG_WARN_DEPRECATED_OBJC_IMPLEMENTATIONS = YES;
				CLANG_WARN_DIRECT_OBJC_ISA_USAGE = YES_ERROR;
				CLANG_WARN_DOCUMENTATION_COMMENTS = YES;
				CLANG_WARN_EMPTY_BODY = YES;
				CLANG_WARN_ENUM_CONVERSION = YES;
				CLANG_WARN_INFINITE_RECURSION = YES;
				CLANG_WARN_INT_CONVERSION = YES;
				CLANG_WARN_NON_LITERAL_NULL_CONVERSION = YES;
				CLANG_WARN_OBJC_IMPLICIT_RETAIN_SELF = YES;
				CLANG_WARN_OBJC_LITERAL_CONVERSION = YES;
				CLANG_WARN_OBJC_ROOT_CLASS = YES_ERROR;
				CLANG_WARN_QUOTED_INCLUDE_IN_FRAMEWORK_HEADER = YES;
				CLANG_WARN_RANGE_LOOP_ANALYSIS = YES;
				CLANG_WARN_STRICT_PROTOTYPES = YES;
				CLANG_WARN_SUSPICIOUS_MOVE = YES;
				CLANG_WARN_UNGUARDED_AVAILABILITY = YES_AGGRESSIVE;
				CLANG_WARN_UNREACHABLE_CODE = YES;
				CLANG_WARN__DUPLICATE_METHOD_MATCH = YES;
				COPY_PHASE_STRIP = NO;
				DEBUG_INFORMATION_FORMAT = "dwarf-with-dsym";
				ENABLE_NS_ASSERTIONS = NO;
				ENABLE_STRICT_OBJC_MSGSEND = YES;
				GCC_C_LANGUAGE_STANDARD = gnu11;
				GCC_NO_COMMON_BLOCKS = YES;
				GCC_WARN_64_TO_32_BIT_CONVERSION = YES;
				GCC_WARN_ABOUT_RETURN_TYPE = YES_ERROR;
				GCC_WARN_UNDECLARED_SELECTOR = YES;
				GCC_WARN_UNINITIALIZED_AUTOS = YES_AGGRESSIVE;
				GCC_WARN_UNUSED_FUNCTION = YES;
				GCC_WARN_UNUSED_VARIABLE = YES;
				IPHONEOS_DEPLOYMENT_TARGET = 16.4;
				MTL_ENABLE_DEBUG_INFO = NO;
				MTL_FAST_MATH = YES;
				SDKROOT = iphoneos;
				SWIFT_COMPILATION_MODE = wholemodule;
				SWIFT_OPTIMIZATION_LEVEL = "-O";
				VALIDATE_PRODUCT = YES;
			};
			name = Release;
		};
		19BC6D662A581187005773FA /* Debug */ = {
			isa = XCBuildConfiguration;
			buildSettings = {
				ASSETCATALOG_COMPILER_APPICON_NAME = AppIcon;
				ASSETCATALOG_COMPILER_GLOBAL_ACCENT_COLOR_NAME = AccentColor;
				CODE_SIGN_STYLE = Automatic;
				CURRENT_PROJECT_VERSION = 1;
				GENERATE_INFOPLIST_FILE = YES;
				INFOPLIST_FILE = OpenInApp/Info.plist;
				INFOPLIST_KEY_UIApplicationSupportsIndirectInputEvents = YES;
				INFOPLIST_KEY_UILaunchStoryboardName = LaunchScreen;
				INFOPLIST_KEY_UIMainStoryboardFile = Main;
				INFOPLIST_KEY_UISupportedInterfaceOrientations_iPad = "UIInterfaceOrientationPortrait UIInterfaceOrientationPortraitUpsideDown UIInterfaceOrientationLandscapeLeft UIInterfaceOrientationLandscapeRight";
				INFOPLIST_KEY_UISupportedInterfaceOrientations_iPhone = "UIInterfaceOrientationPortrait UIInterfaceOrientationLandscapeLeft UIInterfaceOrientationLandscapeRight";
				IPHONEOS_DEPLOYMENT_TARGET = 13.0;
				LD_RUNPATH_SEARCH_PATHS = (
					"$(inherited)",
					"@executable_path/Frameworks",
				);
				MARKETING_VERSION = 1.0;
				PRODUCT_BUNDLE_IDENTIFIER = com.sanath.OpenInApp;
				PRODUCT_NAME = "$(TARGET_NAME)";
				SWIFT_EMIT_LOC_STRINGS = YES;
				SWIFT_VERSION = 5.0;
				TARGETED_DEVICE_FAMILY = "1,2";
			};
			name = Debug;
		};
		19BC6D672A581187005773FA /* Release */ = {
			isa = XCBuildConfiguration;
			buildSettings = {
				ASSETCATALOG_COMPILER_APPICON_NAME = AppIcon;
				ASSETCATALOG_COMPILER_GLOBAL_ACCENT_COLOR_NAME = AccentColor;
				CODE_SIGN_STYLE = Automatic;
				CURRENT_PROJECT_VERSION = 1;
				GENERATE_INFOPLIST_FILE = YES;
				INFOPLIST_FILE = OpenInApp/Info.plist;
				INFOPLIST_KEY_UIApplicationSupportsIndirectInputEvents = YES;
				INFOPLIST_KEY_UILaunchStoryboardName = LaunchScreen;
				INFOPLIST_KEY_UIMainStoryboardFile = Main;
				INFOPLIST_KEY_UISupportedInterfaceOrientations_iPad = "UIInterfaceOrientationPortrait UIInterfaceOrientationPortraitUpsideDown UIInterfaceOrientationLandscapeLeft UIInterfaceOrientationLandscapeRight";
				INFOPLIST_KEY_UISupportedInterfaceOrientations_iPhone = "UIInterfaceOrientationPortrait UIInterfaceOrientationLandscapeLeft UIInterfaceOrientationLandscapeRight";
				IPHONEOS_DEPLOYMENT_TARGET = 13.0;
				LD_RUNPATH_SEARCH_PATHS = (
					"$(inherited)",
					"@executable_path/Frameworks",
				);
				MARKETING_VERSION = 1.0;
				PRODUCT_BUNDLE_IDENTIFIER = com.sanath.OpenInApp;
				PRODUCT_NAME = "$(TARGET_NAME)";
				SWIFT_EMIT_LOC_STRINGS = YES;
				SWIFT_VERSION = 5.0;
				TARGETED_DEVICE_FAMILY = "1,2";
			};
			name = Release;
		};
		19BC6D692A581187005773FA /* Debug */ = {
			isa = XCBuildConfiguration;
			buildSettings = {
				ALWAYS_EMBED_SWIFT_STANDARD_LIBRARIES = YES;
				BUNDLE_LOADER = "$(TEST_HOST)";
				CODE_SIGN_STYLE = Automatic;
				CURRENT_PROJECT_VERSION = 1;
				GENERATE_INFOPLIST_FILE = YES;
				IPHONEOS_DEPLOYMENT_TARGET = 16.4;
				MARKETING_VERSION = 1.0;
				PRODUCT_BUNDLE_IDENTIFIER = com.sanath.OpenInAppTests;
				PRODUCT_NAME = "$(TARGET_NAME)";
				SWIFT_EMIT_LOC_STRINGS = NO;
				SWIFT_VERSION = 5.0;
				TARGETED_DEVICE_FAMILY = "1,2";
				TEST_HOST = "$(BUILT_PRODUCTS_DIR)/OpenInApp.app/$(BUNDLE_EXECUTABLE_FOLDER_PATH)/OpenInApp";
			};
			name = Debug;
		};
		19BC6D6A2A581187005773FA /* Release */ = {
			isa = XCBuildConfiguration;
			buildSettings = {
				ALWAYS_EMBED_SWIFT_STANDARD_LIBRARIES = YES;
				BUNDLE_LOADER = "$(TEST_HOST)";
				CODE_SIGN_STYLE = Automatic;
				CURRENT_PROJECT_VERSION = 1;
				GENERATE_INFOPLIST_FILE = YES;
				IPHONEOS_DEPLOYMENT_TARGET = 16.4;
				MARKETING_VERSION = 1.0;
				PRODUCT_BUNDLE_IDENTIFIER = com.sanath.OpenInAppTests;
				PRODUCT_NAME = "$(TARGET_NAME)";
				SWIFT_EMIT_LOC_STRINGS = NO;
				SWIFT_VERSION = 5.0;
				TARGETED_DEVICE_FAMILY = "1,2";
				TEST_HOST = "$(BUILT_PRODUCTS_DIR)/OpenInApp.app/$(BUNDLE_EXECUTABLE_FOLDER_PATH)/OpenInApp";
			};
			name = Release;
		};
		19BC6D6C2A581187005773FA /* Debug */ = {
			isa = XCBuildConfiguration;
			buildSettings = {
				ALWAYS_EMBED_SWIFT_STANDARD_LIBRARIES = YES;
				CODE_SIGN_STYLE = Automatic;
				CURRENT_PROJECT_VERSION = 1;
				GENERATE_INFOPLIST_FILE = YES;
				MARKETING_VERSION = 1.0;
				PRODUCT_BUNDLE_IDENTIFIER = com.sanath.OpenInAppUITests;
				PRODUCT_NAME = "$(TARGET_NAME)";
				SWIFT_EMIT_LOC_STRINGS = NO;
				SWIFT_VERSION = 5.0;
				TARGETED_DEVICE_FAMILY = "1,2";
				TEST_TARGET_NAME = OpenInApp;
			};
			name = Debug;
		};
		19BC6D6D2A581187005773FA /* Release */ = {
			isa = XCBuildConfiguration;
			buildSettings = {
				ALWAYS_EMBED_SWIFT_STANDARD_LIBRARIES = YES;
				CODE_SIGN_STYLE = Automatic;
				CURRENT_PROJECT_VERSION = 1;
				GENERATE_INFOPLIST_FILE = YES;
				MARKETING_VERSION = 1.0;
				PRODUCT_BUNDLE_IDENTIFIER = com.sanath.OpenInAppUITests;
				PRODUCT_NAME = "$(TARGET_NAME)";
				SWIFT_EMIT_LOC_STRINGS = NO;
				SWIFT_VERSION = 5.0;
				TARGETED_DEVICE_FAMILY = "1,2";
				TEST_TARGET_NAME = OpenInApp;
			};
			name = Release;
		};
/* End XCBuildConfiguration section */

/* Begin XCConfigurationList section */
		19BC6D362A581186005773FA /* Build configuration list for PBXProject "OpenInApp" */ = {
			isa = XCConfigurationList;
			buildConfigurations = (
				19BC6D632A581187005773FA /* Debug */,
				19BC6D642A581187005773FA /* Release */,
			);
			defaultConfigurationIsVisible = 0;
			defaultConfigurationName = Release;
		};
		19BC6D652A581187005773FA /* Build configuration list for PBXNativeTarget "OpenInApp" */ = {
			isa = XCConfigurationList;
			buildConfigurations = (
				19BC6D662A581187005773FA /* Debug */,
				19BC6D672A581187005773FA /* Release */,
			);
			defaultConfigurationIsVisible = 0;
			defaultConfigurationName = Release;
		};
		19BC6D682A581187005773FA /* Build configuration list for PBXNativeTarget "OpenInAppTests" */ = {
			isa = XCConfigurationList;
			buildConfigurations = (
				19BC6D692A581187005773FA /* Debug */,
				19BC6D6A2A581187005773FA /* Release */,
			);
			defaultConfigurationIsVisible = 0;
			defaultConfigurationName = Release;
		};
		19BC6D6B2A581187005773FA /* Build configuration list for PBXNativeTarget "OpenInAppUITests" */ = {
			isa = XCConfigurationList;
			buildConfigurations = (
				19BC6D6C2A581187005773FA /* Debug */,
				19BC6D6D2A581187005773FA /* Release */,
			);
			defaultConfigurationIsVisible = 0;
			defaultConfigurationName = Release;
		};
/* End XCConfigurationList section */
	};
	rootObject = 19BC6D332A581186005773FA /* Project object */;
}
